
Microsoft Visual Studio Solution File, Format Version 12.00
# Visual Studio Version 16
VisualStudioVersion = 16.0.30711.63
MinimumVisualStudioVersion = 10.0.40219.1
Project("{9A19103F-16F7-4668-BE54-9A1E7A4F7556}") = "ClientConsoleApp1", "ClientConsoleApp1\ClientConsoleApp1.csproj", "{8C526A9F-FA41-425A-9303-AF4AF56A3564}"
EndProject
Project("{FAE04EC0-301F-11D3-BF4B-00C04F79EFBC}") = "ClientConsoleApp462.csproj", "ClientConsoleApp462\ClientConsoleApp462.csproj", "{B9361865-4F0F-4433-9E01-9E0B912CF513}"
EndProject
Project("{9A19103F-16F7-4668-BE54-9A1E7A4F7556}") = "Foss.FossDoc.Standard.Interfaces", "Foss.Fossdoc.Standard.Interfaces\Foss.FossDoc.Standard.Interfaces.csproj", "{925D5AF9-4E39-484D-BBA0-3272F5C1BAA3}"
EndProject
Project("{9A19103F-16F7-4668-BE54-9A1E7A4F7556}") = "Foss.FossDoc.GRPC5.Service", "Foss.FossDoc.GRPC5.Service\Foss.FossDoc.GRPC5.Service.csproj", "{D29782D2-3ACD-464A-B040-A374D1248105}"
EndProject
Project("{FAE04EC0-301F-11D3-BF4B-00C04F79EFBC}") = "Foss.FossDoc.GRPC46.Service", "Foss.FossDoc.GRPC46.Service\Foss.FossDoc.GRPC46.Service.csproj", "{C174C648-9403-4650-B1C6-A53531550F45}"
EndProject
Project("{FAE04EC0-301F-11D3-BF4B-00C04F79EFBC}") = "Foss.FossDoc.Protos", "Foss.FossDoc.Protos\Foss.FossDoc.Protos.csproj", "{D27D4DF4-A0D1-4924-A44E-F7A939FFBB37}"
EndProject
Global
	GlobalSection(SolutionConfigurationPlatforms) = preSolution
		Debug|Any CPU = Debug|Any CPU
		Release|Any CPU = Release|Any CPU
	EndGlobalSection
	GlobalSection(ProjectConfigurationPlatforms) = postSolution
		{8C526A9F-FA41-425A-9303-AF4AF56A3564}.Debug|Any CPU.ActiveCfg = Debug|Any CPU
		{8C526A9F-FA41-425A-9303-AF4AF56A3564}.Debug|Any CPU.Build.0 = Debug|Any CPU
		{8C526A9F-FA41-425A-9303-AF4AF56A3564}.Release|Any CPU.ActiveCfg = Release|Any CPU
		{8C526A9F-FA41-425A-9303-AF4AF56A3564}.Release|Any CPU.Build.0 = Release|Any CPU
		{B9361865-4F0F-4433-9E01-9E0B912CF513}.Debug|Any CPU.ActiveCfg = Debug|Any CPU
		{B9361865-4F0F-4433-9E01-9E0B912CF513}.Debug|Any CPU.Build.0 = Debug|Any CPU
		{B9361865-4F0F-4433-9E01-9E0B912CF513}.Release|Any CPU.ActiveCfg = Release|Any CPU
		{B9361865-4F0F-4433-9E01-9E0B912CF513}.Release|Any CPU.Build.0 = Release|Any CPU
		{925D5AF9-4E39-484D-BBA0-3272F5C1BAA3}.Debug|Any CPU.ActiveCfg = Debug|Any CPU
		{925D5AF9-4E39-484D-BBA0-3272F5C1BAA3}.Debug|Any CPU.Build.0 = Debug|Any CPU
		{925D5AF9-4E39-484D-BBA0-3272F5C1BAA3}.Release|Any CPU.ActiveCfg = Release|Any CPU
		{925D5AF9-4E39-484D-BBA0-3272F5C1BAA3}.Release|Any CPU.Build.0 = Release|Any CPU
		{D29782D2-3ACD-464A-B040-A374D1248105}.Debug|Any CPU.ActiveCfg = Debug|Any CPU
		{D29782D2-3ACD-464A-B040-A374D1248105}.Debug|Any CPU.Build.0 = Debug|Any CPU
		{D29782D2-3ACD-464A-B040-A374D1248105}.Release|Any CPU.ActiveCfg = Release|Any CPU
		{D29782D2-3ACD-464A-B040-A374D1248105}.Release|Any CPU.Build.0 = Release|Any CPU
		{C174C648-9403-4650-B1C6-A53531550F45}.Debug|Any CPU.ActiveCfg = Debug|Any CPU
		{C174C648-9403-4650-B1C6-A53531550F45}.Debug|Any CPU.Build.0 = Debug|Any CPU
		{C174C648-9403-4650-B1C6-A53531550F45}.Release|Any CPU.ActiveCfg = Release|Any CPU
		{C174C648-9403-4650-B1C6-A53531550F45}.Release|Any CPU.Build.0 = Release|Any CPU
		{D27D4DF4-A0D1-4924-A44E-F7A939FFBB37}.Debug|Any CPU.ActiveCfg = Debug|Any CPU
		{D27D4DF4-A0D1-4924-A44E-F7A939FFBB37}.Debug|Any CPU.Build.0 = Debug|Any CPU
		{D27D4DF4-A0D1-4924-A44E-F7A939FFBB37}.Release|Any CPU.ActiveCfg = Release|Any CPU
		{D27D4DF4-A0D1-4924-A44E-F7A939FFBB37}.Release|Any CPU.Build.0 = Release|Any CPU
	EndGlobalSection
	GlobalSection(SolutionProperties) = preSolution
		HideSolutionNode = FALSE
	EndGlobalSection
	GlobalSection(ExtensibilityGlobals) = postSolution
		SolutionGuid = {BE4B1815-D170-42EA-AFAC-A354C3F71756}
	EndGlobalSection
EndGlobal
